
Microsoft Visual Studio Solution File, Format Version 12.00
# Visual Studio Version 16
VisualStudioVersion = 16.0.31424.327
MinimumVisualStudioVersion = 10.0.40219.1
Project("{9A19103F-16F7-4668-BE54-9A1E7A4F7556}") = "FrontEnd.W", "FrontEnd.W\FrontEnd.W.csproj", "{48572999-A39E-4DBF-8344-78DE2A690D12}"
EndProject
Project("{9A19103F-16F7-4668-BE54-9A1E7A4F7556}") = "FronEnd.API", "FronEnd.API\FronEnd.API.csproj", "{8FE962B3-19D3-4EE0-99B4-67337592A189}"
EndProject
Global
	GlobalSection(SolutionConfigurationPlatforms) = preSolution
		Debug|Any CPU = Debug|Any CPU
		Release|Any CPU = Release|Any CPU
	EndGlobalSection
	GlobalSection(ProjectConfigurationPlatforms) = postSolution
		{48572999-A39E-4DBF-8344-78DE2A690D12}.Debug|Any CPU.ActiveCfg = Debug|Any CPU
		{48572999-A39E-4DBF-8344-78DE2A690D12}.Debug|Any CPU.Build.0 = Debug|Any CPU
		{48572999-A39E-4DBF-8344-78DE2A690D12}.Release|Any CPU.ActiveCfg = Release|Any CPU
		{48572999-A39E-4DBF-8344-78DE2A690D12}.Release|Any CPU.Build.0 = Release|Any CPU
		{8FE962B3-19D3-4EE0-99B4-67337592A189}.Debug|Any CPU.ActiveCfg = Debug|Any CPU
		{8FE962B3-19D3-4EE0-99B4-67337592A189}.Debug|Any CPU.Build.0 = Debug|Any CPU
		{8FE962B3-19D3-4EE0-99B4-67337592A189}.Release|Any CPU.ActiveCfg = Release|Any CPU
		{8FE962B3-19D3-4EE0-99B4-67337592A189}.Release|Any CPU.Build.0 = Release|Any CPU
	EndGlobalSection
	GlobalSection(SolutionProperties) = preSolution
		HideSolutionNode = FALSE
	EndGlobalSection
	GlobalSection(ExtensibilityGlobals) = postSolution
		SolutionGuid = {DCE07699-CCEF-43CC-BCB4-F562EF98C14B}
	EndGlobalSection
EndGlobal
